
Microsoft Visual Studio Solution File, Format Version 12.00
# Visual Studio Version 17
VisualStudioVersion = 17.5.33502.453
MinimumVisualStudioVersion = 10.0.40219.1
Project("{9A19103F-16F7-4668-BE54-9A1E7A4F7556}") = "inveroryManagerApp", "inveroryManagerApp.csproj", "{93D11F97-AE32-4B38-97CA-56412163C035}"
EndProject
Global
	GlobalSection(SolutionConfigurationPlatforms) = preSolution
		Debug|Any CPU = Debug|Any CPU
		Release|Any CPU = Release|Any CPU
	EndGlobalSection
	GlobalSection(ProjectConfigurationPlatforms) = postSolution
		{93D11F97-AE32-4B38-97CA-56412163C035}.Debug|Any CPU.ActiveCfg = Debug|Any CPU
		{93D11F97-AE32-4B38-97CA-56412163C035}.Debug|Any CPU.Build.0 = Debug|Any CPU
		{93D11F97-AE32-4B38-97CA-56412163C035}.Release|Any CPU.ActiveCfg = Release|Any CPU
		{93D11F97-AE32-4B38-97CA-56412163C035}.Release|Any CPU.Build.0 = Release|Any CPU
	EndGlobalSection
	GlobalSection(SolutionProperties) = preSolution
		HideSolutionNode = FALSE
	EndGlobalSection
	GlobalSection(ExtensibilityGlobals) = postSolution
		SolutionGuid = {AFD49563-7C55-4737-9DD1-6A7A9EF560B3}
	EndGlobalSection
EndGlobal
